
Microsoft Visual Studio Solution File, Format Version 12.00
# Visual Studio Version 17
VisualStudioVersion = 17.1.32414.318
MinimumVisualStudioVersion = 10.0.40219.1
Project("{9A19103F-16F7-4668-BE54-9A1E7A4F7556}") = "Education.Domain", "Education.Domain\Education.Domain.csproj", "{D76E0BD7-A28A-4318-A5F2-9C11E9BF4B18}"
EndProject
Project("{9A19103F-16F7-4668-BE54-9A1E7A4F7556}") = "Education.Persistence", "Education.Persistence\Education.Persistence.csproj", "{DC0FB42E-C794-474A-B6E1-6313D88AD9CA}"
EndProject
Project("{9A19103F-16F7-4668-BE54-9A1E7A4F7556}") = "Education.Application", "Education.Application\Education.Application.csproj", "{6F99DA94-3036-4AD1-BCDE-E5047F380482}"
EndProject
Project("{9A19103F-16F7-4668-BE54-9A1E7A4F7556}") = "Education.Api", "Education.Api\Education.Api.csproj", "{2BCC0876-CE84-44C6-9E9B-9D80C9883374}"
EndProject
Project("{FAE04EC0-301F-11D3-BF4B-00C04F79EFBC}") = "Education.Aplication.NUnitTests", "Education.Aplication.NUnitTests\Education.Aplication.NUnitTests.csproj", "{BA4A3645-D19C-4714-871F-E4A2B086A8C3}"
EndProject
Global
	GlobalSection(SolutionConfigurationPlatforms) = preSolution
		Debug|Any CPU = Debug|Any CPU
		Release|Any CPU = Release|Any CPU
	EndGlobalSection
	GlobalSection(ProjectConfigurationPlatforms) = postSolution
		{D76E0BD7-A28A-4318-A5F2-9C11E9BF4B18}.Debug|Any CPU.ActiveCfg = Debug|Any CPU
		{D76E0BD7-A28A-4318-A5F2-9C11E9BF4B18}.Debug|Any CPU.Build.0 = Debug|Any CPU
		{D76E0BD7-A28A-4318-A5F2-9C11E9BF4B18}.Release|Any CPU.ActiveCfg = Release|Any CPU
		{D76E0BD7-A28A-4318-A5F2-9C11E9BF4B18}.Release|Any CPU.Build.0 = Release|Any CPU
		{DC0FB42E-C794-474A-B6E1-6313D88AD9CA}.Debug|Any CPU.ActiveCfg = Debug|Any CPU
		{DC0FB42E-C794-474A-B6E1-6313D88AD9CA}.Debug|Any CPU.Build.0 = Debug|Any CPU
		{DC0FB42E-C794-474A-B6E1-6313D88AD9CA}.Release|Any CPU.ActiveCfg = Release|Any CPU
		{DC0FB42E-C794-474A-B6E1-6313D88AD9CA}.Release|Any CPU.Build.0 = Release|Any CPU
		{6F99DA94-3036-4AD1-BCDE-E5047F380482}.Debug|Any CPU.ActiveCfg = Debug|Any CPU
		{6F99DA94-3036-4AD1-BCDE-E5047F380482}.Debug|Any CPU.Build.0 = Debug|Any CPU
		{6F99DA94-3036-4AD1-BCDE-E5047F380482}.Release|Any CPU.ActiveCfg = Release|Any CPU
		{6F99DA94-3036-4AD1-BCDE-E5047F380482}.Release|Any CPU.Build.0 = Release|Any CPU
		{2BCC0876-CE84-44C6-9E9B-9D80C9883374}.Debug|Any CPU.ActiveCfg = Debug|Any CPU
		{2BCC0876-CE84-44C6-9E9B-9D80C9883374}.Debug|Any CPU.Build.0 = Debug|Any CPU
		{2BCC0876-CE84-44C6-9E9B-9D80C9883374}.Release|Any CPU.ActiveCfg = Release|Any CPU
		{2BCC0876-CE84-44C6-9E9B-9D80C9883374}.Release|Any CPU.Build.0 = Release|Any CPU
		{BA4A3645-D19C-4714-871F-E4A2B086A8C3}.Debug|Any CPU.ActiveCfg = Debug|Any CPU
		{BA4A3645-D19C-4714-871F-E4A2B086A8C3}.Debug|Any CPU.Build.0 = Debug|Any CPU
		{BA4A3645-D19C-4714-871F-E4A2B086A8C3}.Release|Any CPU.ActiveCfg = Release|Any CPU
		{BA4A3645-D19C-4714-871F-E4A2B086A8C3}.Release|Any CPU.Build.0 = Release|Any CPU
	EndGlobalSection
	GlobalSection(SolutionProperties) = preSolution
		HideSolutionNode = FALSE
	EndGlobalSection
	GlobalSection(ExtensibilityGlobals) = postSolution
		SolutionGuid = {584CA719-4E8B-47A1-BF92-9E688259A3CF}
	EndGlobalSection
EndGlobal
